// !$*UTF8*$!
{
	archiveVersion = 1;
	classes = {
	};
	objectVersion = 56;
	objects = {

/* Begin PBXBuildFile section */
		B70B938F29D7F0F600702A6F /* ProgressTableviewViewModel.swift in Sources */ = {isa = PBXBuildFile; fileRef = B70B938E29D7F0F600702A6F /* ProgressTableviewViewModel.swift */; };
		B70B939129D817B200702A6F /* CreateWorkoutViewModel.swift in Sources */ = {isa = PBXBuildFile; fileRef = B70B939029D817B200702A6F /* CreateWorkoutViewModel.swift */; };
		B70B939329D817C500702A6F /* AddWorkoutViewModel.swift in Sources */ = {isa = PBXBuildFile; fileRef = B70B939229D817C500702A6F /* AddWorkoutViewModel.swift */; };
		B70B939529D817DE00702A6F /* UpdateWorkoutViewModel.swift in Sources */ = {isa = PBXBuildFile; fileRef = B70B939429D817DE00702A6F /* UpdateWorkoutViewModel.swift */; };
		B70B939729D817EC00702A6F /* EditWorkoutPartViewModel.swift in Sources */ = {isa = PBXBuildFile; fileRef = B70B939629D817EC00702A6F /* EditWorkoutPartViewModel.swift */; };
		B70B939929D8180600702A6F /* UpdateWorkoutPartsViewModel.swift in Sources */ = {isa = PBXBuildFile; fileRef = B70B939829D8180600702A6F /* UpdateWorkoutPartsViewModel.swift */; };
		B70B939B29D8449000702A6F /* UIView +.swift in Sources */ = {isa = PBXBuildFile; fileRef = B70B939A29D8449000702A6F /* UIView +.swift */; };
		B70B939D29D8452500702A6F /* UIStackView +.swift in Sources */ = {isa = PBXBuildFile; fileRef = B70B939C29D8452500702A6F /* UIStackView +.swift */; };
		B70B939F29D9526600702A6F /* EditWorkoutPartCoordinator.swift in Sources */ = {isa = PBXBuildFile; fileRef = B70B939E29D9526600702A6F /* EditWorkoutPartCoordinator.swift */; };
		B713A6B229C9C45200DCAD95 /* UpdateWorkoutController.swift in Sources */ = {isa = PBXBuildFile; fileRef = B713A6B129C9C45200DCAD95 /* UpdateWorkoutController.swift */; };
		B713A6B429C9C4AA00DCAD95 /* UpdateWorkoutCoordinator.swift in Sources */ = {isa = PBXBuildFile; fileRef = B713A6B329C9C4AA00DCAD95 /* UpdateWorkoutCoordinator.swift */; };
		B7432DD029B5C0140041A8AB /* ProgressWorkoutCell.swift in Sources */ = {isa = PBXBuildFile; fileRef = B7432DCF29B5C0140041A8AB /* ProgressWorkoutCell.swift */; };
		B7432DD329B625F60041A8AB /* CalendarHelper.swift in Sources */ = {isa = PBXBuildFile; fileRef = B7432DD229B625F60041A8AB /* CalendarHelper.swift */; };
		B7432DD529B628180041A8AB /* AnalysisController.swift in Sources */ = {isa = PBXBuildFile; fileRef = B7432DD429B628180041A8AB /* AnalysisController.swift */; };
		B7432DD729B62B930041A8AB /* CircularProgressView.swift in Sources */ = {isa = PBXBuildFile; fileRef = B7432DD629B62B930041A8AB /* CircularProgressView.swift */; };
		B7432DDA29B62C880041A8AB /* WeeklyCalendarView.swift in Sources */ = {isa = PBXBuildFile; fileRef = B7432DD929B62C880041A8AB /* WeeklyCalendarView.swift */; };
		B7432DDC29B62CA40041A8AB /* ImageCollectionView.swift in Sources */ = {isa = PBXBuildFile; fileRef = B7432DDB29B62CA40041A8AB /* ImageCollectionView.swift */; };
		B7432DDE29B71F540041A8AB /* ImageCollectionViewCell.swift in Sources */ = {isa = PBXBuildFile; fileRef = B7432DDD29B71F540041A8AB /* ImageCollectionViewCell.swift */; };
		B7704C7929BDB80C0046FE80 /* WorkoutCategoryCoordinator.swift in Sources */ = {isa = PBXBuildFile; fileRef = B7704C7829BDB80C0046FE80 /* WorkoutCategoryCoordinator.swift */; };
		B7704C7C29BDB82B0046FE80 /* CreateWorkoutCoordinator.swift in Sources */ = {isa = PBXBuildFile; fileRef = B7704C7B29BDB82B0046FE80 /* CreateWorkoutCoordinator.swift */; };
		B7704C7E29BDB8420046FE80 /* WorkoutProgressCoordinator.swift in Sources */ = {isa = PBXBuildFile; fileRef = B7704C7D29BDB8420046FE80 /* WorkoutProgressCoordinator.swift */; };
		B7744E8F29B05D040014DB3E /* TinyConstraints in Frameworks */ = {isa = PBXBuildFile; productRef = B7744E8E29B05D040014DB3E /* TinyConstraints */; };
		B7744E9729B0622F0014DB3E /* TimerView.swift in Sources */ = {isa = PBXBuildFile; fileRef = B7744E9629B0622F0014DB3E /* TimerView.swift */; };
		B7744E9929B063710014DB3E /* TimerModel.swift in Sources */ = {isa = PBXBuildFile; fileRef = B7744E9829B063710014DB3E /* TimerModel.swift */; };
		B7744E9B29B065E90014DB3E /* TimerViewModel.swift in Sources */ = {isa = PBXBuildFile; fileRef = B7744E9A29B065E90014DB3E /* TimerViewModel.swift */; };
		B7744E9F29B102B70014DB3E /* StartWorkoutController.swift in Sources */ = {isa = PBXBuildFile; fileRef = B7744E9E29B102B70014DB3E /* StartWorkoutController.swift */; };
		B7744EA129B102F30014DB3E /* WorkoutCategoryController.swift in Sources */ = {isa = PBXBuildFile; fileRef = B7744EA029B102F30014DB3E /* WorkoutCategoryController.swift */; };
		B7744EA329B1ACA10014DB3E /* WorkoutCategoryView.swift in Sources */ = {isa = PBXBuildFile; fileRef = B7744EA229B1ACA10014DB3E /* WorkoutCategoryView.swift */; };
		B7744EA629B1B2270014DB3E /* UIComponents.swift in Sources */ = {isa = PBXBuildFile; fileRef = B7744EA529B1B2270014DB3E /* UIComponents.swift */; };
		B77AC5F429CB072C005F87ED /* WorkoutPart+CoreDataClass.swift in Sources */ = {isa = PBXBuildFile; fileRef = B77AC5F029CB072C005F87ED /* WorkoutPart+CoreDataClass.swift */; };
		B77AC5F529CB072C005F87ED /* WorkoutPart+CoreDataProperties.swift in Sources */ = {isa = PBXBuildFile; fileRef = B77AC5F129CB072C005F87ED /* WorkoutPart+CoreDataProperties.swift */; };
		B77AC5F629CB072C005F87ED /* Workout+CoreDataClass.swift in Sources */ = {isa = PBXBuildFile; fileRef = B77AC5F229CB072C005F87ED /* Workout+CoreDataClass.swift */; };
		B77AC5F729CB072C005F87ED /* Workout+CoreDataProperties.swift in Sources */ = {isa = PBXBuildFile; fileRef = B77AC5F329CB072C005F87ED /* Workout+CoreDataProperties.swift */; };
		B77AC5F929CC250A005F87ED /* UIHelperFunctions.swift in Sources */ = {isa = PBXBuildFile; fileRef = B77AC5F829CC250A005F87ED /* UIHelperFunctions.swift */; };
		B77AC5FB29CC3796005F87ED /* UpdateCoordinatorProtocol.swift in Sources */ = {isa = PBXBuildFile; fileRef = B77AC5FA29CC3796005F87ED /* UpdateCoordinatorProtocol.swift */; };
		B7861D4429C81B6800A680E6 /* CoreDataStack.swift in Sources */ = {isa = PBXBuildFile; fileRef = B7861D4329C81B6800A680E6 /* CoreDataStack.swift */; };
		B7861D5929C8232E00A680E6 /* CoreDataHelper.swift in Sources */ = {isa = PBXBuildFile; fileRef = B7861D5829C8232E00A680E6 /* CoreDataHelper.swift */; };
		B789E94329C17DF900384BAD /* UpdateWorkoutPartsCoordinator.swift in Sources */ = {isa = PBXBuildFile; fileRef = B789E94229C17DF900384BAD /* UpdateWorkoutPartsCoordinator.swift */; };
		B789E94729C186C500384BAD /* AnalysisCoordinator.swift in Sources */ = {isa = PBXBuildFile; fileRef = B789E94629C186C500384BAD /* AnalysisCoordinator.swift */; };
		B79D289B29C96CAD000E7CFB /* CreateWorkoutController.swift in Sources */ = {isa = PBXBuildFile; fileRef = B79D289A29C96CAD000E7CFB /* CreateWorkoutController.swift */; };
		B79D289D29C96D48000E7CFB /* AddWorkoutCoordinator.swift in Sources */ = {isa = PBXBuildFile; fileRef = B79D289C29C96D48000E7CFB /* AddWorkoutCoordinator.swift */; };
		B7AB24C629AF216C00310151 /* AppDelegate.swift in Sources */ = {isa = PBXBuildFile; fileRef = B7AB24C529AF216C00310151 /* AppDelegate.swift */; };
		B7AB24C829AF216C00310151 /* SceneDelegate.swift in Sources */ = {isa = PBXBuildFile; fileRef = B7AB24C729AF216C00310151 /* SceneDelegate.swift */; };
		B7AB24CA29AF216C00310151 /* MainViewController.swift in Sources */ = {isa = PBXBuildFile; fileRef = B7AB24C929AF216C00310151 /* MainViewController.swift */; };
		B7AB24D029AF216C00310151 /* Transformation.xcdatamodeld in Sources */ = {isa = PBXBuildFile; fileRef = B7AB24CE29AF216C00310151 /* Transformation.xcdatamodeld */; };
		B7AB24D229AF216D00310151 /* Assets.xcassets in Resources */ = {isa = PBXBuildFile; fileRef = B7AB24D129AF216D00310151 /* Assets.xcassets */; };
		B7AB24D529AF216D00310151 /* LaunchScreen.storyboard in Resources */ = {isa = PBXBuildFile; fileRef = B7AB24D329AF216D00310151 /* LaunchScreen.storyboard */; };
		B7B1D00829B30566006DF2C0 /* WorkoutPartsCell.swift in Sources */ = {isa = PBXBuildFile; fileRef = B7B1D00729B30566006DF2C0 /* WorkoutPartsCell.swift */; };
		B7B1D00A29B30EAA006DF2C0 /* EditWorkoutPartController.swift in Sources */ = {isa = PBXBuildFile; fileRef = B7B1D00929B30EAA006DF2C0 /* EditWorkoutPartController.swift */; };
		B7B1D04629B447EC006DF2C0 /* CoordinatorProtocol.swift in Sources */ = {isa = PBXBuildFile; fileRef = B7B1D04529B447EC006DF2C0 /* CoordinatorProtocol.swift */; };
		B7B1D04829B44815006DF2C0 /* ApplicationCoordinator.swift in Sources */ = {isa = PBXBuildFile; fileRef = B7B1D04729B44815006DF2C0 /* ApplicationCoordinator.swift */; };
		B7B1D04A29B44933006DF2C0 /* MainCoordinator.swift in Sources */ = {isa = PBXBuildFile; fileRef = B7B1D04929B44933006DF2C0 /* MainCoordinator.swift */; };
		B7B31E8329CDEB6C009E7A51 /* UpdateWorkoutPartsView.swift in Sources */ = {isa = PBXBuildFile; fileRef = B7B31E8229CDEB6C009E7A51 /* UpdateWorkoutPartsView.swift */; };
		B7D00F7429B1C96100CED308 /* Constants.swift in Sources */ = {isa = PBXBuildFile; fileRef = B7D00F7329B1C96100CED308 /* Constants.swift */; };
		B7D00F7629B1CDDD00CED308 /* TabBarController.swift in Sources */ = {isa = PBXBuildFile; fileRef = B7D00F7529B1CDDD00CED308 /* TabBarController.swift */; };
		B7D00F7829B1DE4F00CED308 /* ProgressTableViewController.swift in Sources */ = {isa = PBXBuildFile; fileRef = B7D00F7729B1DE4F00CED308 /* ProgressTableViewController.swift */; };
		B7D00F7B29B1DFCD00CED308 /* AddWorkoutController.swift in Sources */ = {isa = PBXBuildFile; fileRef = B7D00F7A29B1DFCD00CED308 /* AddWorkoutController.swift */; };
		B7D00F7D29B1E3F200CED308 /* AddWorkoutView.swift in Sources */ = {isa = PBXBuildFile; fileRef = B7D00F7C29B1E3F200CED308 /* AddWorkoutView.swift */; };
		B7D00F8229B2107900CED308 /* UpdateWorkoutPartsController.swift in Sources */ = {isa = PBXBuildFile; fileRef = B7D00F8129B2107900CED308 /* UpdateWorkoutPartsController.swift */; };
		B7FEB05B29C09F9F003C7766 /* TabbarCoordinator.swift in Sources */ = {isa = PBXBuildFile; fileRef = B7FEB05A29C09F9F003C7766 /* TabbarCoordinator.swift */; };
		B7FEB06529C0AB1A003C7766 /* StartWorkoutCoordinator.swift in Sources */ = {isa = PBXBuildFile; fileRef = B7FEB06429C0AB1A003C7766 /* StartWorkoutCoordinator.swift */; };
/* End PBXBuildFile section */

/* Begin PBXFileReference section */
		B70B938029D7E9DA00702A6F /* Transformation_programatically.app */ = {isa = PBXFileReference; explicitFileType = wrapper.application; includeInIndex = 0; path = Transformation_programatically.app; sourceTree = BUILT_PRODUCTS_DIR; };
		B70B938E29D7F0F600702A6F /* ProgressTableviewViewModel.swift */ = {isa = PBXFileReference; lastKnownFileType = sourcecode.swift; path = ProgressTableviewViewModel.swift; sourceTree = "<group>"; };
		B70B939029D817B200702A6F /* CreateWorkoutViewModel.swift */ = {isa = PBXFileReference; lastKnownFileType = sourcecode.swift; path = CreateWorkoutViewModel.swift; sourceTree = "<group>"; };
		B70B939229D817C500702A6F /* AddWorkoutViewModel.swift */ = {isa = PBXFileReference; lastKnownFileType = sourcecode.swift; path = AddWorkoutViewModel.swift; sourceTree = "<group>"; };
		B70B939429D817DE00702A6F /* UpdateWorkoutViewModel.swift */ = {isa = PBXFileReference; lastKnownFileType = sourcecode.swift; path = UpdateWorkoutViewModel.swift; sourceTree = "<group>"; };
		B70B939629D817EC00702A6F /* EditWorkoutPartViewModel.swift */ = {isa = PBXFileReference; lastKnownFileType = sourcecode.swift; path = EditWorkoutPartViewModel.swift; sourceTree = "<group>"; };
		B70B939829D8180600702A6F /* UpdateWorkoutPartsViewModel.swift */ = {isa = PBXFileReference; lastKnownFileType = sourcecode.swift; path = UpdateWorkoutPartsViewModel.swift; sourceTree = "<group>"; };
		B70B939A29D8449000702A6F /* UIView +.swift */ = {isa = PBXFileReference; lastKnownFileType = sourcecode.swift; path = "UIView +.swift"; sourceTree = "<group>"; };
		B70B939C29D8452500702A6F /* UIStackView +.swift */ = {isa = PBXFileReference; lastKnownFileType = sourcecode.swift; path = "UIStackView +.swift"; sourceTree = "<group>"; };
		B70B939E29D9526600702A6F /* EditWorkoutPartCoordinator.swift */ = {isa = PBXFileReference; lastKnownFileType = sourcecode.swift; path = EditWorkoutPartCoordinator.swift; sourceTree = "<group>"; };
		B713A6B129C9C45200DCAD95 /* UpdateWorkoutController.swift */ = {isa = PBXFileReference; lastKnownFileType = sourcecode.swift; path = UpdateWorkoutController.swift; sourceTree = "<group>"; };
		B713A6B329C9C4AA00DCAD95 /* UpdateWorkoutCoordinator.swift */ = {isa = PBXFileReference; lastKnownFileType = sourcecode.swift; path = UpdateWorkoutCoordinator.swift; sourceTree = "<group>"; };
		B7432DCF29B5C0140041A8AB /* ProgressWorkoutCell.swift */ = {isa = PBXFileReference; lastKnownFileType = sourcecode.swift; path = ProgressWorkoutCell.swift; sourceTree = "<group>"; };
		B7432DD229B625F60041A8AB /* CalendarHelper.swift */ = {isa = PBXFileReference; lastKnownFileType = sourcecode.swift; path = CalendarHelper.swift; sourceTree = "<group>"; };
		B7432DD429B628180041A8AB /* AnalysisController.swift */ = {isa = PBXFileReference; lastKnownFileType = sourcecode.swift; path = AnalysisController.swift; sourceTree = "<group>"; };
		B7432DD629B62B930041A8AB /* CircularProgressView.swift */ = {isa = PBXFileReference; lastKnownFileType = sourcecode.swift; path = CircularProgressView.swift; sourceTree = "<group>"; };
		B7432DD929B62C880041A8AB /* WeeklyCalendarView.swift */ = {isa = PBXFileReference; lastKnownFileType = sourcecode.swift; path = WeeklyCalendarView.swift; sourceTree = "<group>"; };
		B7432DDB29B62CA40041A8AB /* ImageCollectionView.swift */ = {isa = PBXFileReference; lastKnownFileType = sourcecode.swift; path = ImageCollectionView.swift; sourceTree = "<group>"; };
		B7432DDD29B71F540041A8AB /* ImageCollectionViewCell.swift */ = {isa = PBXFileReference; lastKnownFileType = sourcecode.swift; path = ImageCollectionViewCell.swift; sourceTree = "<group>"; };
		B7704C7829BDB80C0046FE80 /* WorkoutCategoryCoordinator.swift */ = {isa = PBXFileReference; lastKnownFileType = sourcecode.swift; path = WorkoutCategoryCoordinator.swift; sourceTree = "<group>"; };
		B7704C7B29BDB82B0046FE80 /* CreateWorkoutCoordinator.swift */ = {isa = PBXFileReference; lastKnownFileType = sourcecode.swift; path = CreateWorkoutCoordinator.swift; sourceTree = "<group>"; };
		B7704C7D29BDB8420046FE80 /* WorkoutProgressCoordinator.swift */ = {isa = PBXFileReference; lastKnownFileType = sourcecode.swift; path = WorkoutProgressCoordinator.swift; sourceTree = "<group>"; };
		B7744E9629B0622F0014DB3E /* TimerView.swift */ = {isa = PBXFileReference; lastKnownFileType = sourcecode.swift; path = TimerView.swift; sourceTree = "<group>"; };
		B7744E9829B063710014DB3E /* TimerModel.swift */ = {isa = PBXFileReference; lastKnownFileType = sourcecode.swift; path = TimerModel.swift; sourceTree = "<group>"; };
		B7744E9A29B065E90014DB3E /* TimerViewModel.swift */ = {isa = PBXFileReference; lastKnownFileType = sourcecode.swift; path = TimerViewModel.swift; sourceTree = "<group>"; };
		B7744E9E29B102B70014DB3E /* StartWorkoutController.swift */ = {isa = PBXFileReference; lastKnownFileType = sourcecode.swift; path = StartWorkoutController.swift; sourceTree = "<group>"; };
		B7744EA029B102F30014DB3E /* WorkoutCategoryController.swift */ = {isa = PBXFileReference; lastKnownFileType = sourcecode.swift; path = WorkoutCategoryController.swift; sourceTree = "<group>"; };
		B7744EA229B1ACA10014DB3E /* WorkoutCategoryView.swift */ = {isa = PBXFileReference; lastKnownFileType = sourcecode.swift; path = WorkoutCategoryView.swift; sourceTree = "<group>"; };
		B7744EA529B1B2270014DB3E /* UIComponents.swift */ = {isa = PBXFileReference; lastKnownFileType = sourcecode.swift; path = UIComponents.swift; sourceTree = "<group>"; };
		B77AC5F029CB072C005F87ED /* WorkoutPart+CoreDataClass.swift */ = {isa = PBXFileReference; lastKnownFileType = sourcecode.swift; path = "WorkoutPart+CoreDataClass.swift"; sourceTree = "<group>"; };
		B77AC5F129CB072C005F87ED /* WorkoutPart+CoreDataProperties.swift */ = {isa = PBXFileReference; lastKnownFileType = sourcecode.swift; path = "WorkoutPart+CoreDataProperties.swift"; sourceTree = "<group>"; };
		B77AC5F229CB072C005F87ED /* Workout+CoreDataClass.swift */ = {isa = PBXFileReference; lastKnownFileType = sourcecode.swift; path = "Workout+CoreDataClass.swift"; sourceTree = "<group>"; };
		B77AC5F329CB072C005F87ED /* Workout+CoreDataProperties.swift */ = {isa = PBXFileReference; lastKnownFileType = sourcecode.swift; path = "Workout+CoreDataProperties.swift"; sourceTree = "<group>"; };
		B77AC5F829CC250A005F87ED /* UIHelperFunctions.swift */ = {isa = PBXFileReference; lastKnownFileType = sourcecode.swift; path = UIHelperFunctions.swift; sourceTree = "<group>"; };
		B77AC5FA29CC3796005F87ED /* UpdateCoordinatorProtocol.swift */ = {isa = PBXFileReference; lastKnownFileType = sourcecode.swift; path = UpdateCoordinatorProtocol.swift; sourceTree = "<group>"; };
		B7861D4329C81B6800A680E6 /* CoreDataStack.swift */ = {isa = PBXFileReference; lastKnownFileType = sourcecode.swift; path = CoreDataStack.swift; sourceTree = "<group>"; };
		B7861D5829C8232E00A680E6 /* CoreDataHelper.swift */ = {isa = PBXFileReference; lastKnownFileType = sourcecode.swift; path = CoreDataHelper.swift; sourceTree = "<group>"; };
		B789E94229C17DF900384BAD /* UpdateWorkoutPartsCoordinator.swift */ = {isa = PBXFileReference; lastKnownFileType = sourcecode.swift; path = UpdateWorkoutPartsCoordinator.swift; sourceTree = "<group>"; };
		B789E94629C186C500384BAD /* AnalysisCoordinator.swift */ = {isa = PBXFileReference; lastKnownFileType = sourcecode.swift; path = AnalysisCoordinator.swift; sourceTree = "<group>"; };
		B79D289A29C96CAD000E7CFB /* CreateWorkoutController.swift */ = {isa = PBXFileReference; lastKnownFileType = sourcecode.swift; path = CreateWorkoutController.swift; sourceTree = "<group>"; };
		B79D289C29C96D48000E7CFB /* AddWorkoutCoordinator.swift */ = {isa = PBXFileReference; lastKnownFileType = sourcecode.swift; path = AddWorkoutCoordinator.swift; sourceTree = "<group>"; };
		B7AB24C529AF216C00310151 /* AppDelegate.swift */ = {isa = PBXFileReference; lastKnownFileType = sourcecode.swift; path = AppDelegate.swift; sourceTree = "<group>"; };
		B7AB24C729AF216C00310151 /* SceneDelegate.swift */ = {isa = PBXFileReference; lastKnownFileType = sourcecode.swift; path = SceneDelegate.swift; sourceTree = "<group>"; };
		B7AB24C929AF216C00310151 /* MainViewController.swift */ = {isa = PBXFileReference; lastKnownFileType = sourcecode.swift; path = MainViewController.swift; sourceTree = "<group>"; };
		B7AB24CF29AF216C00310151 /* Transformation_programatically.xcdatamodel */ = {isa = PBXFileReference; lastKnownFileType = wrapper.xcdatamodel; path = Transformation_programatically.xcdatamodel; sourceTree = "<group>"; };
		B7AB24D129AF216D00310151 /* Assets.xcassets */ = {isa = PBXFileReference; lastKnownFileType = folder.assetcatalog; path = Assets.xcassets; sourceTree = "<group>"; };
		B7AB24D429AF216D00310151 /* Base */ = {isa = PBXFileReference; lastKnownFileType = file.storyboard; name = Base; path = Base.lproj/LaunchScreen.storyboard; sourceTree = "<group>"; };
		B7AB24D629AF216D00310151 /* Info.plist */ = {isa = PBXFileReference; lastKnownFileType = text.plist.xml; path = Info.plist; sourceTree = "<group>"; };
		B7B1D00729B30566006DF2C0 /* WorkoutPartsCell.swift */ = {isa = PBXFileReference; lastKnownFileType = sourcecode.swift; path = WorkoutPartsCell.swift; sourceTree = "<group>"; };
		B7B1D00929B30EAA006DF2C0 /* EditWorkoutPartController.swift */ = {isa = PBXFileReference; lastKnownFileType = sourcecode.swift; path = EditWorkoutPartController.swift; sourceTree = "<group>"; };
		B7B1D04529B447EC006DF2C0 /* CoordinatorProtocol.swift */ = {isa = PBXFileReference; lastKnownFileType = sourcecode.swift; path = CoordinatorProtocol.swift; sourceTree = "<group>"; };
		B7B1D04729B44815006DF2C0 /* ApplicationCoordinator.swift */ = {isa = PBXFileReference; lastKnownFileType = sourcecode.swift; path = ApplicationCoordinator.swift; sourceTree = "<group>"; };
		B7B1D04929B44933006DF2C0 /* MainCoordinator.swift */ = {isa = PBXFileReference; lastKnownFileType = sourcecode.swift; path = MainCoordinator.swift; sourceTree = "<group>"; };
		B7B31E8229CDEB6C009E7A51 /* UpdateWorkoutPartsView.swift */ = {isa = PBXFileReference; lastKnownFileType = sourcecode.swift; path = UpdateWorkoutPartsView.swift; sourceTree = "<group>"; };
		B7D00F7329B1C96100CED308 /* Constants.swift */ = {isa = PBXFileReference; lastKnownFileType = sourcecode.swift; path = Constants.swift; sourceTree = "<group>"; };
		B7D00F7529B1CDDD00CED308 /* TabBarController.swift */ = {isa = PBXFileReference; lastKnownFileType = sourcecode.swift; path = TabBarController.swift; sourceTree = "<group>"; };
		B7D00F7729B1DE4F00CED308 /* ProgressTableViewController.swift */ = {isa = PBXFileReference; lastKnownFileType = sourcecode.swift; path = ProgressTableViewController.swift; sourceTree = "<group>"; };
		B7D00F7A29B1DFCD00CED308 /* AddWorkoutController.swift */ = {isa = PBXFileReference; lastKnownFileType = sourcecode.swift; path = AddWorkoutController.swift; sourceTree = "<group>"; };
		B7D00F7C29B1E3F200CED308 /* AddWorkoutView.swift */ = {isa = PBXFileReference; lastKnownFileType = sourcecode.swift; path = AddWorkoutView.swift; sourceTree = "<group>"; };
		B7D00F8129B2107900CED308 /* UpdateWorkoutPartsController.swift */ = {isa = PBXFileReference; lastKnownFileType = sourcecode.swift; path = UpdateWorkoutPartsController.swift; sourceTree = "<group>"; };
		B7FEB05A29C09F9F003C7766 /* TabbarCoordinator.swift */ = {isa = PBXFileReference; lastKnownFileType = sourcecode.swift; path = TabbarCoordinator.swift; sourceTree = "<group>"; };
		B7FEB06429C0AB1A003C7766 /* StartWorkoutCoordinator.swift */ = {isa = PBXFileReference; lastKnownFileType = sourcecode.swift; path = StartWorkoutCoordinator.swift; sourceTree = "<group>"; };
/* End PBXFileReference section */

/* Begin PBXFrameworksBuildPhase section */
		B7AB24BF29AF216C00310151 /* Frameworks */ = {
			isa = PBXFrameworksBuildPhase;
			buildActionMask = 2147483647;
			files = (
				B7744E8F29B05D040014DB3E /* TinyConstraints in Frameworks */,
			);
			runOnlyForDeploymentPostprocessing = 0;
		};
/* End PBXFrameworksBuildPhase section */

/* Begin PBXGroup section */
		B70B938129D7ED3D00702A6F /* Start */ = {
			isa = PBXGroup;
			children = (
				B7FEB05E29C0A410003C7766 /* Coordinators */,
				B70B938529D7EE1300702A6F /* Controllers */,
				B70B938A29D7EF0B00702A6F /* ViewModels */,
				B70B938D29D7EFFC00702A6F /* Models */,
				B70B938829D7EEFE00702A6F /* Views */,
			);
			path = Start;
			sourceTree = "<group>";
		};
		B70B938229D7ED4800702A6F /* Create */ = {
			isa = PBXGroup;
			children = (
				B7FEB05F29C0A42E003C7766 /* Coordinators */,
				B70B938429D7EDC900702A6F /* Controllers */,
				B70B938B29D7EF1200702A6F /* ViewModels */,
				B70B938729D7EEF400702A6F /* Views */,
			);
			path = Create;
			sourceTree = "<group>";
		};
		B70B938329D7ED4E00702A6F /* Progress */ = {
			isa = PBXGroup;
			children = (
				B7FEB06029C0A436003C7766 /* Coordinators */,
				B70B938629D7EE9900702A6F /* Controllers */,
				B70B938C29D7EF1800702A6F /* ViewModels */,
				B70B938929D7EF0500702A6F /* Views */,
			);
			path = Progress;
			sourceTree = "<group>";
		};
		B70B938429D7EDC900702A6F /* Controllers */ = {
			isa = PBXGroup;
			children = (
				B79D289A29C96CAD000E7CFB /* CreateWorkoutController.swift */,
				B7B31E7B29CD75D2009E7A51 /* Add */,
				B7B31E7C29CD75E0009E7A51 /* Update */,
				B7B1D00929B30EAA006DF2C0 /* EditWorkoutPartController.swift */,
			);
			path = Controllers;
			sourceTree = "<group>";
		};
		B70B938529D7EE1300702A6F /* Controllers */ = {
			isa = PBXGroup;
			children = (
				B7744EA029B102F30014DB3E /* WorkoutCategoryController.swift */,
				B7744E9E29B102B70014DB3E /* StartWorkoutController.swift */,
			);
			path = Controllers;
			sourceTree = "<group>";
		};
		B70B938629D7EE9900702A6F /* Controllers */ = {
			isa = PBXGroup;
			children = (
				B7D00F7729B1DE4F00CED308 /* ProgressTableViewController.swift */,
				B7432DD429B628180041A8AB /* AnalysisController.swift */,
			);
			path = Controllers;
			sourceTree = "<group>";
		};
		B70B938729D7EEF400702A6F /* Views */ = {
			isa = PBXGroup;
			children = (
				B7B31E7F29CD898F009E7A51 /* Cells */,
				B7D00F7C29B1E3F200CED308 /* AddWorkoutView.swift */,
				B7B31E8229CDEB6C009E7A51 /* UpdateWorkoutPartsView.swift */,
			);
			path = Views;
			sourceTree = "<group>";
		};
		B70B938829D7EEFE00702A6F /* Views */ = {
			isa = PBXGroup;
			children = (
				B7744EA229B1ACA10014DB3E /* WorkoutCategoryView.swift */,
				B7744E9629B0622F0014DB3E /* TimerView.swift */,
			);
			path = Views;
			sourceTree = "<group>";
		};
		B70B938929D7EF0500702A6F /* Views */ = {
			isa = PBXGroup;
			children = (
				B7432DD929B62C880041A8AB /* WeeklyCalendarView.swift */,
				B7432DD629B62B930041A8AB /* CircularProgressView.swift */,
				B7432DDB29B62CA40041A8AB /* ImageCollectionView.swift */,
				B7432DDD29B71F540041A8AB /* ImageCollectionViewCell.swift */,
				B7432DCF29B5C0140041A8AB /* ProgressWorkoutCell.swift */,
			);
			path = Views;
			sourceTree = "<group>";
		};
		B70B938A29D7EF0B00702A6F /* ViewModels */ = {
			isa = PBXGroup;
			children = (
				B7744E9A29B065E90014DB3E /* TimerViewModel.swift */,
			);
			path = ViewModels;
			sourceTree = "<group>";
		};
		B70B938B29D7EF1200702A6F /* ViewModels */ = {
			isa = PBXGroup;
			children = (
				B70B939029D817B200702A6F /* CreateWorkoutViewModel.swift */,
				B70B939229D817C500702A6F /* AddWorkoutViewModel.swift */,
				B70B939429D817DE00702A6F /* UpdateWorkoutViewModel.swift */,
				B70B939829D8180600702A6F /* UpdateWorkoutPartsViewModel.swift */,
				B70B939629D817EC00702A6F /* EditWorkoutPartViewModel.swift */,
			);
			path = ViewModels;
			sourceTree = "<group>";
		};
		B70B938C29D7EF1800702A6F /* ViewModels */ = {
			isa = PBXGroup;
			children = (
				B70B938E29D7F0F600702A6F /* ProgressTableviewViewModel.swift */,
			);
			path = ViewModels;
			sourceTree = "<group>";
		};
		B70B938D29D7EFFC00702A6F /* Models */ = {
			isa = PBXGroup;
			children = (
				B7744E9829B063710014DB3E /* TimerModel.swift */,
			);
			path = Models;
			sourceTree = "<group>";
		};
		B7432DD129B624590041A8AB /* Helpers */ = {
			isa = PBXGroup;
			children = (
				B7432DD229B625F60041A8AB /* CalendarHelper.swift */,
			);
			path = Helpers;
			sourceTree = "<group>";
		};
		B7744E9329B05EED0014DB3E /* MainControllers */ = {
			isa = PBXGroup;
			children = (
				B7AB24C929AF216C00310151 /* MainViewController.swift */,
				B7D00F7529B1CDDD00CED308 /* TabBarController.swift */,
			);
			path = MainControllers;
			sourceTree = "<group>";
		};
		B7744E9429B05F0E0014DB3E /* App */ = {
			isa = PBXGroup;
			children = (
				B7AB24C529AF216C00310151 /* AppDelegate.swift */,
				B7AB24C729AF216C00310151 /* SceneDelegate.swift */,
			);
			path = App;
			sourceTree = "<group>";
		};
		B7744E9529B05F1A0014DB3E /* Resources */ = {
			isa = PBXGroup;
			children = (
			);
			path = Resources;
			sourceTree = "<group>";
		};
		B7744EA429B1B1FA0014DB3E /* UIComponents */ = {
			isa = PBXGroup;
			children = (
				B7744EA529B1B2270014DB3E /* UIComponents.swift */,
				B77AC5F829CC250A005F87ED /* UIHelperFunctions.swift */,
			);
			path = UIComponents;
			sourceTree = "<group>";
		};
		B7744EA929B1BE4E0014DB3E /* Extensions */ = {
			isa = PBXGroup;
			children = (
				B70B939A29D8449000702A6F /* UIView +.swift */,
				B70B939C29D8452500702A6F /* UIStackView +.swift */,
			);
			path = Extensions;
			sourceTree = "<group>";
		};
		B7861D5529C81FCF00A680E6 /* CoreDataClasses */ = {
			isa = PBXGroup;
			children = (
				B77AC5F029CB072C005F87ED /* WorkoutPart+CoreDataClass.swift */,
				B77AC5F129CB072C005F87ED /* WorkoutPart+CoreDataProperties.swift */,
				B77AC5F229CB072C005F87ED /* Workout+CoreDataClass.swift */,
				B77AC5F329CB072C005F87ED /* Workout+CoreDataProperties.swift */,
			);
			path = CoreDataClasses;
			sourceTree = "<group>";
		};
		B7861D5A29C836EF00A680E6 /* CoreData */ = {
			isa = PBXGroup;
			children = (
				B7861D5829C8232E00A680E6 /* CoreDataHelper.swift */,
				B7861D4329C81B6800A680E6 /* CoreDataStack.swift */,
			);
			path = CoreData;
			sourceTree = "<group>";
		};
		B7AB24B929AF216C00310151 = {
			isa = PBXGroup;
			children = (
				B7AB24C429AF216C00310151 /* Transformation_programatically */,
				B70B938029D7E9DA00702A6F /* Transformation_programatically.app */,
			);
			sourceTree = "<group>";
		};
		B7AB24C429AF216C00310151 /* Transformation_programatically */ = {
			isa = PBXGroup;
			children = (
				B7861D5A29C836EF00A680E6 /* CoreData */,
				B7861D5529C81FCF00A680E6 /* CoreDataClasses */,
				B7744E9429B05F0E0014DB3E /* App */,
				B7B1D04429B447D4006DF2C0 /* Coordinators */,
				B70B938129D7ED3D00702A6F /* Start */,
				B70B938229D7ED4800702A6F /* Create */,
				B70B938329D7ED4E00702A6F /* Progress */,
				B7744E9329B05EED0014DB3E /* MainControllers */,
				B7744EA929B1BE4E0014DB3E /* Extensions */,
				B7432DD129B624590041A8AB /* Helpers */,
				B7744E9529B05F1A0014DB3E /* Resources */,
				B7744EA429B1B1FA0014DB3E /* UIComponents */,
				B7D00F7329B1C96100CED308 /* Constants.swift */,
				B7AB24D329AF216D00310151 /* LaunchScreen.storyboard */,
				B7AB24D129AF216D00310151 /* Assets.xcassets */,
				B7AB24CE29AF216C00310151 /* Transformation.xcdatamodeld */,
				B7AB24D629AF216D00310151 /* Info.plist */,
			);
			path = Transformation_programatically;
			sourceTree = "<group>";
		};
		B7B1D04429B447D4006DF2C0 /* Coordinators */ = {
			isa = PBXGroup;
			children = (
				B7B1D04529B447EC006DF2C0 /* CoordinatorProtocol.swift */,
				B77AC5FA29CC3796005F87ED /* UpdateCoordinatorProtocol.swift */,
				B7B1D04729B44815006DF2C0 /* ApplicationCoordinator.swift */,
				B7B1D04929B44933006DF2C0 /* MainCoordinator.swift */,
				B7FEB05A29C09F9F003C7766 /* TabbarCoordinator.swift */,
			);
			path = Coordinators;
			sourceTree = "<group>";
		};
		B7B31E7B29CD75D2009E7A51 /* Add */ = {
			isa = PBXGroup;
			children = (
				B7D00F7A29B1DFCD00CED308 /* AddWorkoutController.swift */,
				B7D00F8129B2107900CED308 /* UpdateWorkoutPartsController.swift */,
			);
			path = Add;
			sourceTree = "<group>";
		};
		B7B31E7C29CD75E0009E7A51 /* Update */ = {
			isa = PBXGroup;
			children = (
				B713A6B129C9C45200DCAD95 /* UpdateWorkoutController.swift */,
			);
			path = Update;
			sourceTree = "<group>";
		};
		B7B31E7F29CD898F009E7A51 /* Cells */ = {
			isa = PBXGroup;
			children = (
				B7B1D00729B30566006DF2C0 /* WorkoutPartsCell.swift */,
			);
			path = Cells;
			sourceTree = "<group>";
		};
		B7FEB05E29C0A410003C7766 /* Coordinators */ = {
			isa = PBXGroup;
			children = (
				B7704C7829BDB80C0046FE80 /* WorkoutCategoryCoordinator.swift */,
				B7FEB06429C0AB1A003C7766 /* StartWorkoutCoordinator.swift */,
			);
			path = Coordinators;
			sourceTree = "<group>";
		};
		B7FEB05F29C0A42E003C7766 /* Coordinators */ = {
			isa = PBXGroup;
			children = (
				B7704C7B29BDB82B0046FE80 /* CreateWorkoutCoordinator.swift */,
				B79D289C29C96D48000E7CFB /* AddWorkoutCoordinator.swift */,
				B713A6B329C9C4AA00DCAD95 /* UpdateWorkoutCoordinator.swift */,
				B789E94229C17DF900384BAD /* UpdateWorkoutPartsCoordinator.swift */,
				B70B939E29D9526600702A6F /* EditWorkoutPartCoordinator.swift */,
			);
			path = Coordinators;
			sourceTree = "<group>";
		};
		B7FEB06029C0A436003C7766 /* Coordinators */ = {
			isa = PBXGroup;
			children = (
				B7704C7D29BDB8420046FE80 /* WorkoutProgressCoordinator.swift */,
				B789E94629C186C500384BAD /* AnalysisCoordinator.swift */,
			);
			path = Coordinators;
			sourceTree = "<group>";
		};
/* End PBXGroup section */

/* Begin PBXNativeTarget section */
		B7AB24C129AF216C00310151 /* Transformation_programatically */ = {
			isa = PBXNativeTarget;
			buildConfigurationList = B7AB24D929AF216D00310151 /* Build configuration list for PBXNativeTarget "Transformation_programatically" */;
			buildPhases = (
				B7AB24BE29AF216C00310151 /* Sources */,
				B7AB24BF29AF216C00310151 /* Frameworks */,
				B7AB24C029AF216C00310151 /* Resources */,
			);
			buildRules = (
			);
			dependencies = (
			);
			name = Transformation_programatically;
			packageProductDependencies = (
				B7744E8E29B05D040014DB3E /* TinyConstraints */,
			);
			productName = Transformation_programatically;
			productReference = B70B938029D7E9DA00702A6F /* Transformation_programatically.app */;
			productType = "com.apple.product-type.application";
		};
/* End PBXNativeTarget section */

/* Begin PBXProject section */
		B7AB24BA29AF216C00310151 /* Project object */ = {
			isa = PBXProject;
			attributes = {
				BuildIndependentTargetsInParallel = 1;
				LastSwiftUpdateCheck = 1420;
				LastUpgradeCheck = 1420;
				TargetAttributes = {
					B7AB24C129AF216C00310151 = {
						CreatedOnToolsVersion = 14.2;
					};
				};
			};
			buildConfigurationList = B7AB24BD29AF216C00310151 /* Build configuration list for PBXProject "Transformation_programatically" */;
			compatibilityVersion = "Xcode 14.0";
			developmentRegion = en;
			hasScannedForEncodings = 0;
			knownRegions = (
				en,
				Base,
			);
			mainGroup = B7AB24B929AF216C00310151;
			packageReferences = (
				B7744E8D29B05D040014DB3E /* XCRemoteSwiftPackageReference "TinyConstraints" */,
			);
			productRefGroup = B7AB24B929AF216C00310151;
			projectDirPath = "";
			projectRoot = "";
			targets = (
				B7AB24C129AF216C00310151 /* Transformation_programatically */,
			);
		};
/* End PBXProject section */

/* Begin PBXResourcesBuildPhase section */
		B7AB24C029AF216C00310151 /* Resources */ = {
			isa = PBXResourcesBuildPhase;
			buildActionMask = 2147483647;
			files = (
				B7AB24D529AF216D00310151 /* LaunchScreen.storyboard in Resources */,
				B7AB24D229AF216D00310151 /* Assets.xcassets in Resources */,
			);
			runOnlyForDeploymentPostprocessing = 0;
		};
/* End PBXResourcesBuildPhase section */

/* Begin PBXSourcesBuildPhase section */
		B7AB24BE29AF216C00310151 /* Sources */ = {
			isa = PBXSourcesBuildPhase;
			buildActionMask = 2147483647;
			files = (
				B7D00F7D29B1E3F200CED308 /* AddWorkoutView.swift in Sources */,
				B7744E9B29B065E90014DB3E /* TimerViewModel.swift in Sources */,
				B77AC5F529CB072C005F87ED /* WorkoutPart+CoreDataProperties.swift in Sources */,
				B79D289D29C96D48000E7CFB /* AddWorkoutCoordinator.swift in Sources */,
				B7744EA329B1ACA10014DB3E /* WorkoutCategoryView.swift in Sources */,
				B7744EA129B102F30014DB3E /* WorkoutCategoryController.swift in Sources */,
				B7D00F7629B1CDDD00CED308 /* TabBarController.swift in Sources */,
				B7432DD529B628180041A8AB /* AnalysisController.swift in Sources */,
				B7D00F7B29B1DFCD00CED308 /* AddWorkoutController.swift in Sources */,
				B70B939529D817DE00702A6F /* UpdateWorkoutViewModel.swift in Sources */,
				B7744E9729B0622F0014DB3E /* TimerView.swift in Sources */,
				B713A6B229C9C45200DCAD95 /* UpdateWorkoutController.swift in Sources */,
				B7D00F8229B2107900CED308 /* UpdateWorkoutPartsController.swift in Sources */,
				B7AB24D029AF216C00310151 /* Transformation.xcdatamodeld in Sources */,
				B7AB24CA29AF216C00310151 /* MainViewController.swift in Sources */,
				B7432DDE29B71F540041A8AB /* ImageCollectionViewCell.swift in Sources */,
				B70B939929D8180600702A6F /* UpdateWorkoutPartsViewModel.swift in Sources */,
				B70B939329D817C500702A6F /* AddWorkoutViewModel.swift in Sources */,
				B7432DDA29B62C880041A8AB /* WeeklyCalendarView.swift in Sources */,
				B77AC5F429CB072C005F87ED /* WorkoutPart+CoreDataClass.swift in Sources */,
				B7861D4429C81B6800A680E6 /* CoreDataStack.swift in Sources */,
				B7744E9929B063710014DB3E /* TimerModel.swift in Sources */,
				B70B939F29D9526600702A6F /* EditWorkoutPartCoordinator.swift in Sources */,
				B7744EA629B1B2270014DB3E /* UIComponents.swift in Sources */,
				B713A6B429C9C4AA00DCAD95 /* UpdateWorkoutCoordinator.swift in Sources */,
				B789E94729C186C500384BAD /* AnalysisCoordinator.swift in Sources */,
				B7432DD329B625F60041A8AB /* CalendarHelper.swift in Sources */,
				B77AC5FB29CC3796005F87ED /* UpdateCoordinatorProtocol.swift in Sources */,
				B7B1D04A29B44933006DF2C0 /* MainCoordinator.swift in Sources */,
				B70B939B29D8449000702A6F /* UIView +.swift in Sources */,
				B789E94329C17DF900384BAD /* UpdateWorkoutPartsCoordinator.swift in Sources */,
				B7432DD029B5C0140041A8AB /* ProgressWorkoutCell.swift in Sources */,
				B79D289B29C96CAD000E7CFB /* CreateWorkoutController.swift in Sources */,
				B7D00F7429B1C96100CED308 /* Constants.swift in Sources */,
				B7D00F7829B1DE4F00CED308 /* ProgressTableViewController.swift in Sources */,
				B70B939D29D8452500702A6F /* UIStackView +.swift in Sources */,
				B7B1D04629B447EC006DF2C0 /* CoordinatorProtocol.swift in Sources */,
				B77AC5F729CB072C005F87ED /* Workout+CoreDataProperties.swift in Sources */,
				B7AB24C629AF216C00310151 /* AppDelegate.swift in Sources */,
				B7AB24C829AF216C00310151 /* SceneDelegate.swift in Sources */,
				B7B1D00A29B30EAA006DF2C0 /* EditWorkoutPartController.swift in Sources */,
				B7B31E8329CDEB6C009E7A51 /* UpdateWorkoutPartsView.swift in Sources */,
				B7861D5929C8232E00A680E6 /* CoreDataHelper.swift in Sources */,
				B77AC5F629CB072C005F87ED /* Workout+CoreDataClass.swift in Sources */,
				B7B1D00829B30566006DF2C0 /* WorkoutPartsCell.swift in Sources */,
				B7704C7C29BDB82B0046FE80 /* CreateWorkoutCoordinator.swift in Sources */,
				B7744E9F29B102B70014DB3E /* StartWorkoutController.swift in Sources */,
				B70B939129D817B200702A6F /* CreateWorkoutViewModel.swift in Sources */,
				B7FEB06529C0AB1A003C7766 /* StartWorkoutCoordinator.swift in Sources */,
				B70B938F29D7F0F600702A6F /* ProgressTableviewViewModel.swift in Sources */,
				B77AC5F929CC250A005F87ED /* UIHelperFunctions.swift in Sources */,
				B7704C7E29BDB8420046FE80 /* WorkoutProgressCoordinator.swift in Sources */,
				B7432DD729B62B930041A8AB /* CircularProgressView.swift in Sources */,
				B7704C7929BDB80C0046FE80 /* WorkoutCategoryCoordinator.swift in Sources */,
				B7432DDC29B62CA40041A8AB /* ImageCollectionView.swift in Sources */,
				B7B1D04829B44815006DF2C0 /* ApplicationCoordinator.swift in Sources */,
				B70B939729D817EC00702A6F /* EditWorkoutPartViewModel.swift in Sources */,
				B7FEB05B29C09F9F003C7766 /* TabbarCoordinator.swift in Sources */,
			);
			runOnlyForDeploymentPostprocessing = 0;
		};
/* End PBXSourcesBuildPhase section */

/* Begin PBXVariantGroup section */
		B7AB24D329AF216D00310151 /* LaunchScreen.storyboard */ = {
			isa = PBXVariantGroup;
			children = (
				B7AB24D429AF216D00310151 /* Base */,
			);
			name = LaunchScreen.storyboard;
			sourceTree = "<group>";
		};
/* End PBXVariantGroup section */

/* Begin XCBuildConfiguration section */
		B7AB24D729AF216D00310151 /* Debug */ = {
			isa = XCBuildConfiguration;
			buildSettings = {
				ALWAYS_SEARCH_USER_PATHS = NO;
				CLANG_ANALYZER_NONNULL = YES;
				CLANG_ANALYZER_NUMBER_OBJECT_CONVERSION = YES_AGGRESSIVE;
				CLANG_CXX_LANGUAGE_STANDARD = "gnu++20";
				CLANG_ENABLE_MODULES = YES;
				CLANG_ENABLE_OBJC_ARC = YES;
				CLANG_ENABLE_OBJC_WEAK = YES;
				CLANG_WARN_BLOCK_CAPTURE_AUTORELEASING = YES;
				CLANG_WARN_BOOL_CONVERSION = YES;
				CLANG_WARN_COMMA = YES;
				CLANG_WARN_CONSTANT_CONVERSION = YES;
				CLANG_WARN_DEPRECATED_OBJC_IMPLEMENTATIONS = YES;
				CLANG_WARN_DIRECT_OBJC_ISA_USAGE = YES_ERROR;
				CLANG_WARN_DOCUMENTATION_COMMENTS = YES;
				CLANG_WARN_EMPTY_BODY = YES;
				CLANG_WARN_ENUM_CONVERSION = YES;
				CLANG_WARN_INFINITE_RECURSION = YES;
				CLANG_WARN_INT_CONVERSION = YES;
				CLANG_WARN_NON_LITERAL_NULL_CONVERSION = YES;
				CLANG_WARN_OBJC_IMPLICIT_RETAIN_SELF = YES;
				CLANG_WARN_OBJC_LITERAL_CONVERSION = YES;
				CLANG_WARN_OBJC_ROOT_CLASS = YES_ERROR;
				CLANG_WARN_QUOTED_INCLUDE_IN_FRAMEWORK_HEADER = YES;
				CLANG_WARN_RANGE_LOOP_ANALYSIS = YES;
				CLANG_WARN_STRICT_PROTOTYPES = YES;
				CLANG_WARN_SUSPICIOUS_MOVE = YES;
				CLANG_WARN_UNGUARDED_AVAILABILITY = YES_AGGRESSIVE;
				CLANG_WARN_UNREACHABLE_CODE = YES;
				CLANG_WARN__DUPLICATE_METHOD_MATCH = YES;
				COPY_PHASE_STRIP = NO;
				DEBUG_INFORMATION_FORMAT = dwarf;
				ENABLE_STRICT_OBJC_MSGSEND = YES;
				ENABLE_TESTABILITY = YES;
				GCC_C_LANGUAGE_STANDARD = gnu11;
				GCC_DYNAMIC_NO_PIC = NO;
				GCC_NO_COMMON_BLOCKS = YES;
				GCC_OPTIMIZATION_LEVEL = 0;
				GCC_PREPROCESSOR_DEFINITIONS = (
					"DEBUG=1",
					"$(inherited)",
				);
				GCC_WARN_64_TO_32_BIT_CONVERSION = YES;
				GCC_WARN_ABOUT_RETURN_TYPE = YES_ERROR;
				GCC_WARN_UNDECLARED_SELECTOR = YES;
				GCC_WARN_UNINITIALIZED_AUTOS = YES_AGGRESSIVE;
				GCC_WARN_UNUSED_FUNCTION = YES;
				GCC_WARN_UNUSED_VARIABLE = YES;
				IPHONEOS_DEPLOYMENT_TARGET = 16.2;
				MTL_ENABLE_DEBUG_INFO = INCLUDE_SOURCE;
				MTL_FAST_MATH = YES;
				ONLY_ACTIVE_ARCH = YES;
				SDKROOT = iphoneos;
				SWIFT_ACTIVE_COMPILATION_CONDITIONS = DEBUG;
				SWIFT_OPTIMIZATION_LEVEL = "-Onone";
			};
			name = Debug;
		};
		B7AB24D829AF216D00310151 /* Release */ = {
			isa = XCBuildConfiguration;
			buildSettings = {
				ALWAYS_SEARCH_USER_PATHS = NO;
				CLANG_ANALYZER_NONNULL = YES;
				CLANG_ANALYZER_NUMBER_OBJECT_CONVERSION = YES_AGGRESSIVE;
				CLANG_CXX_LANGUAGE_STANDARD = "gnu++20";
				CLANG_ENABLE_MODULES = YES;
				CLANG_ENABLE_OBJC_ARC = YES;
				CLANG_ENABLE_OBJC_WEAK = YES;
				CLANG_WARN_BLOCK_CAPTURE_AUTORELEASING = YES;
				CLANG_WARN_BOOL_CONVERSION = YES;
				CLANG_WARN_COMMA = YES;
				CLANG_WARN_CONSTANT_CONVERSION = YES;
				CLANG_WARN_DEPRECATED_OBJC_IMPLEMENTATIONS = YES;
				CLANG_WARN_DIRECT_OBJC_ISA_USAGE = YES_ERROR;
				CLANG_WARN_DOCUMENTATION_COMMENTS = YES;
				CLANG_WARN_EMPTY_BODY = YES;
				CLANG_WARN_ENUM_CONVERSION = YES;
				CLANG_WARN_INFINITE_RECURSION = YES;
				CLANG_WARN_INT_CONVERSION = YES;
				CLANG_WARN_NON_LITERAL_NULL_CONVERSION = YES;
				CLANG_WARN_OBJC_IMPLICIT_RETAIN_SELF = YES;
				CLANG_WARN_OBJC_LITERAL_CONVERSION = YES;
				CLANG_WARN_OBJC_ROOT_CLASS = YES_ERROR;
				CLANG_WARN_QUOTED_INCLUDE_IN_FRAMEWORK_HEADER = YES;
				CLANG_WARN_RANGE_LOOP_ANALYSIS = YES;
				CLANG_WARN_STRICT_PROTOTYPES = YES;
				CLANG_WARN_SUSPICIOUS_MOVE = YES;
				CLANG_WARN_UNGUARDED_AVAILABILITY = YES_AGGRESSIVE;
				CLANG_WARN_UNREACHABLE_CODE = YES;
				CLANG_WARN__DUPLICATE_METHOD_MATCH = YES;
				COPY_PHASE_STRIP = NO;
				DEBUG_INFORMATION_FORMAT = "dwarf-with-dsym";
				ENABLE_NS_ASSERTIONS = NO;
				ENABLE_STRICT_OBJC_MSGSEND = YES;
				GCC_C_LANGUAGE_STANDARD = gnu11;
				GCC_NO_COMMON_BLOCKS = YES;
				GCC_WARN_64_TO_32_BIT_CONVERSION = YES;
				GCC_WARN_ABOUT_RETURN_TYPE = YES_ERROR;
				GCC_WARN_UNDECLARED_SELECTOR = YES;
				GCC_WARN_UNINITIALIZED_AUTOS = YES_AGGRESSIVE;
				GCC_WARN_UNUSED_FUNCTION = YES;
				GCC_WARN_UNUSED_VARIABLE = YES;
				IPHONEOS_DEPLOYMENT_TARGET = 16.2;
				MTL_ENABLE_DEBUG_INFO = NO;
				MTL_FAST_MATH = YES;
				SDKROOT = iphoneos;
				SWIFT_COMPILATION_MODE = wholemodule;
				SWIFT_OPTIMIZATION_LEVEL = "-O";
				VALIDATE_PRODUCT = YES;
			};
			name = Release;
		};
		B7AB24DA29AF216D00310151 /* Debug */ = {
			isa = XCBuildConfiguration;
			buildSettings = {
				ASSETCATALOG_COMPILER_APPICON_NAME = AppIcon;
				ASSETCATALOG_COMPILER_GLOBAL_ACCENT_COLOR_NAME = AccentColor;
				CODE_SIGN_STYLE = Automatic;
				CURRENT_PROJECT_VERSION = 1;
				DEVELOPMENT_TEAM = 6Q244YNG4J;
				GENERATE_INFOPLIST_FILE = YES;
				INFOPLIST_FILE = Transformation_programatically/Info.plist;
				INFOPLIST_KEY_UIApplicationSupportsIndirectInputEvents = YES;
				INFOPLIST_KEY_UILaunchStoryboardName = LaunchScreen;
				INFOPLIST_KEY_UISupportedInterfaceOrientations_iPad = "UIInterfaceOrientationPortrait UIInterfaceOrientationPortraitUpsideDown UIInterfaceOrientationLandscapeLeft UIInterfaceOrientationLandscapeRight";
				INFOPLIST_KEY_UISupportedInterfaceOrientations_iPhone = "UIInterfaceOrientationPortrait UIInterfaceOrientationLandscapeLeft UIInterfaceOrientationLandscapeRight";
				IPHONEOS_DEPLOYMENT_TARGET = 13.0;
				LD_RUNPATH_SEARCH_PATHS = (
					"$(inherited)",
					"@executable_path/Frameworks",
				);
				MARKETING_VERSION = 1.0;
				PRODUCT_BUNDLE_IDENTIFIER = "com.ravshan.Transformation.Transformation-programatically";
				PRODUCT_NAME = "$(TARGET_NAME)";
				SWIFT_EMIT_LOC_STRINGS = YES;
				SWIFT_VERSION = 5.0;
				TARGETED_DEVICE_FAMILY = "1,2";
			};
			name = Debug;
		};
		B7AB24DB29AF216D00310151 /* Release */ = {
			isa = XCBuildConfiguration;
			buildSettings = {
				ASSETCATALOG_COMPILER_APPICON_NAME = AppIcon;
				ASSETCATALOG_COMPILER_GLOBAL_ACCENT_COLOR_NAME = AccentColor;
				CODE_SIGN_STYLE = Automatic;
				CURRENT_PROJECT_VERSION = 1;
				DEVELOPMENT_TEAM = 6Q244YNG4J;
				GENERATE_INFOPLIST_FILE = YES;
				INFOPLIST_FILE = Transformation_programatically/Info.plist;
				INFOPLIST_KEY_UIApplicationSupportsIndirectInputEvents = YES;
				INFOPLIST_KEY_UILaunchStoryboardName = LaunchScreen;
				INFOPLIST_KEY_UISupportedInterfaceOrientations_iPad = "UIInterfaceOrientationPortrait UIInterfaceOrientationPortraitUpsideDown UIInterfaceOrientationLandscapeLeft UIInterfaceOrientationLandscapeRight";
				INFOPLIST_KEY_UISupportedInterfaceOrientations_iPhone = "UIInterfaceOrientationPortrait UIInterfaceOrientationLandscapeLeft UIInterfaceOrientationLandscapeRight";
				IPHONEOS_DEPLOYMENT_TARGET = 13.0;
				LD_RUNPATH_SEARCH_PATHS = (
					"$(inherited)",
					"@executable_path/Frameworks",
				);
				MARKETING_VERSION = 1.0;
				PRODUCT_BUNDLE_IDENTIFIER = "com.ravshan.Transformation.Transformation-programatically";
				PRODUCT_NAME = "$(TARGET_NAME)";
				SWIFT_EMIT_LOC_STRINGS = YES;
				SWIFT_VERSION = 5.0;
				TARGETED_DEVICE_FAMILY = "1,2";
			};
			name = Release;
		};
/* End XCBuildConfiguration section */

/* Begin XCConfigurationList section */
		B7AB24BD29AF216C00310151 /* Build configuration list for PBXProject "Transformation_programatically" */ = {
			isa = XCConfigurationList;
			buildConfigurations = (
				B7AB24D729AF216D00310151 /* Debug */,
				B7AB24D829AF216D00310151 /* Release */,
			);
			defaultConfigurationIsVisible = 0;
			defaultConfigurationName = Release;
		};
		B7AB24D929AF216D00310151 /* Build configuration list for PBXNativeTarget "Transformation_programatically" */ = {
			isa = XCConfigurationList;
			buildConfigurations = (
				B7AB24DA29AF216D00310151 /* Debug */,
				B7AB24DB29AF216D00310151 /* Release */,
			);
			defaultConfigurationIsVisible = 0;
			defaultConfigurationName = Release;
		};
/* End XCConfigurationList section */

/* Begin XCRemoteSwiftPackageReference section */
		B7744E8D29B05D040014DB3E /* XCRemoteSwiftPackageReference "TinyConstraints" */ = {
			isa = XCRemoteSwiftPackageReference;
			repositoryURL = "https://github.com/roberthein/TinyConstraints.git";
			requirement = {
				kind = upToNextMajorVersion;
				minimumVersion = 4.0.0;
			};
		};
/* End XCRemoteSwiftPackageReference section */

/* Begin XCSwiftPackageProductDependency section */
		B7744E8E29B05D040014DB3E /* TinyConstraints */ = {
			isa = XCSwiftPackageProductDependency;
			package = B7744E8D29B05D040014DB3E /* XCRemoteSwiftPackageReference "TinyConstraints" */;
			productName = TinyConstraints;
		};
/* End XCSwiftPackageProductDependency section */

/* Begin XCVersionGroup section */
		B7AB24CE29AF216C00310151 /* Transformation.xcdatamodeld */ = {
			isa = XCVersionGroup;
			children = (
				B7AB24CF29AF216C00310151 /* Transformation_programatically.xcdatamodel */,
			);
			currentVersion = B7AB24CF29AF216C00310151 /* Transformation_programatically.xcdatamodel */;
			path = Transformation.xcdatamodeld;
			sourceTree = "<group>";
			versionGroupType = wrapper.xcdatamodel;
		};
/* End XCVersionGroup section */
	};
	rootObject = B7AB24BA29AF216C00310151 /* Project object */;
}
